
Microsoft Visual Studio Solution File, Format Version 12.00
# Visual Studio Version 17
VisualStudioVersion = 17.5.33530.505
MinimumVisualStudioVersion = 10.0.40219.1
Project("{FAE04EC0-301F-11D3-BF4B-00C04F79EFBC}") = "CarApp", "CarApp.csproj", "{68455DE6-65FB-4EE3-A868-0648B4754AFB}"
EndProject
Global
	GlobalSection(SolutionConfigurationPlatforms) = preSolution
		Debug|Any CPU = Debug|Any CPU
		Release|Any CPU = Release|Any CPU
	EndGlobalSection
	GlobalSection(ProjectConfigurationPlatforms) = postSolution
		{68455DE6-65FB-4EE3-A868-0648B4754AFB}.Debug|Any CPU.ActiveCfg = Debug|Any CPU
		{68455DE6-65FB-4EE3-A868-0648B4754AFB}.Debug|Any CPU.Build.0 = Debug|Any CPU
		{68455DE6-65FB-4EE3-A868-0648B4754AFB}.Release|Any CPU.ActiveCfg = Release|Any CPU
		{68455DE6-65FB-4EE3-A868-0648B4754AFB}.Release|Any CPU.Build.0 = Release|Any CPU
	EndGlobalSection
	GlobalSection(SolutionProperties) = preSolution
		HideSolutionNode = FALSE
	EndGlobalSection
	GlobalSection(ExtensibilityGlobals) = postSolution
		SolutionGuid = {C053D05C-3DAF-42FA-AA76-031870D774CC}
	EndGlobalSection
EndGlobal
